
Microsoft Visual Studio Solution File, Format Version 12.00
# Visual Studio Version 16
VisualStudioVersion = 16.0.30804.86
MinimumVisualStudioVersion = 10.0.40219.1
Project("{FAE04EC0-301F-11D3-BF4B-00C04F79EFBC}") = "osrs-hiscore-wrapper", "osrs-hiscore-wrapper.csproj", "{A8B7AB45-1719-41F1-97B0-E39798A2ED3A}"
EndProject
Project("{FAE04EC0-301F-11D3-BF4B-00C04F79EFBC}") = "WrapperTest", "..\WrapperTest\WrapperTest.csproj", "{C1A9B469-566D-4AA1-B0B4-7D6354867307}"
EndProject
Global
	GlobalSection(SolutionConfigurationPlatforms) = preSolution
		Debug|Any CPU = Debug|Any CPU
		Release|Any CPU = Release|Any CPU
	EndGlobalSection
	GlobalSection(ProjectConfigurationPlatforms) = postSolution
		{A8B7AB45-1719-41F1-97B0-E39798A2ED3A}.Debug|Any CPU.ActiveCfg = Debug|Any CPU
		{A8B7AB45-1719-41F1-97B0-E39798A2ED3A}.Debug|Any CPU.Build.0 = Debug|Any CPU
		{A8B7AB45-1719-41F1-97B0-E39798A2ED3A}.Release|Any CPU.ActiveCfg = Release|Any CPU
		{A8B7AB45-1719-41F1-97B0-E39798A2ED3A}.Release|Any CPU.Build.0 = Release|Any CPU
		{C1A9B469-566D-4AA1-B0B4-7D6354867307}.Debug|Any CPU.ActiveCfg = Debug|Any CPU
		{C1A9B469-566D-4AA1-B0B4-7D6354867307}.Debug|Any CPU.Build.0 = Debug|Any CPU
		{C1A9B469-566D-4AA1-B0B4-7D6354867307}.Release|Any CPU.ActiveCfg = Release|Any CPU
		{C1A9B469-566D-4AA1-B0B4-7D6354867307}.Release|Any CPU.Build.0 = Release|Any CPU
	EndGlobalSection
	GlobalSection(SolutionProperties) = preSolution
		HideSolutionNode = FALSE
	EndGlobalSection
	GlobalSection(ExtensibilityGlobals) = postSolution
		SolutionGuid = {0CC9F3E1-396B-4CA5-868E-F58DCBCC28B7}
	EndGlobalSection
EndGlobal
